
Microsoft Visual Studio Solution File, Format Version 12.00
# Visual Studio Version 17
VisualStudioVersion = 17.9.34723.18
MinimumVisualStudioVersion = 10.0.40219.1
Project("{FAE04EC0-301F-11D3-BF4B-00C04F79EFBC}") = "LEDShow", "LEDShow.csproj", "{54FEDA66-6D9E-4769-BF33-9766B2C43D94}"
EndProject
Global
	GlobalSection(SolutionConfigurationPlatforms) = preSolution
		Debug|Any CPU = Debug|Any CPU
		Release|Any CPU = Release|Any CPU
	EndGlobalSection
	GlobalSection(ProjectConfigurationPlatforms) = postSolution
		{54FEDA66-6D9E-4769-BF33-9766B2C43D94}.Debug|Any CPU.ActiveCfg = Debug|Any CPU
		{54FEDA66-6D9E-4769-BF33-9766B2C43D94}.Debug|Any CPU.Build.0 = Debug|Any CPU
		{54FEDA66-6D9E-4769-BF33-9766B2C43D94}.Release|Any CPU.ActiveCfg = Release|Any CPU
		{54FEDA66-6D9E-4769-BF33-9766B2C43D94}.Release|Any CPU.Build.0 = Release|Any CPU
	EndGlobalSection
	GlobalSection(SolutionProperties) = preSolution
		HideSolutionNode = FALSE
	EndGlobalSection
	GlobalSection(ExtensibilityGlobals) = postSolution
		SolutionGuid = {984B8C9D-E0FB-4987-BCA7-635D4CA5F9EA}
	EndGlobalSection
EndGlobal
