
Microsoft Visual Studio Solution File, Format Version 12.00
# Visual Studio Version 17
VisualStudioVersion = 17.9.34616.47
MinimumVisualStudioVersion = 10.0.40219.1
Project("{9A19103F-16F7-4668-BE54-9A1E7A4F7556}") = "WPFBase", "WPFBase\WPFBase.csproj", "{AABBEB73-D2ED-4488-8C46-85D80167F997}"
EndProject
Project("{FAE04EC0-301F-11D3-BF4B-00C04F79EFBC}") = "WPFBase.Api", "WPFBase.Api\WPFBase.Api.csproj", "{44AAC2B8-30AE-44F0-BD1D-C57EEE0EDD49}"
EndProject
Project("{FAE04EC0-301F-11D3-BF4B-00C04F79EFBC}") = "WPFBase.Shared", "WPFBase.Shared\WPFBase.Shared.csproj", "{FBE8F0F2-6900-46EF-9B61-A3FEA65467AD}"
EndProject
Global
	GlobalSection(SolutionConfigurationPlatforms) = preSolution
		Debug|Any CPU = Debug|Any CPU
		Release|Any CPU = Release|Any CPU
	EndGlobalSection
	GlobalSection(ProjectConfigurationPlatforms) = postSolution
		{AABBEB73-D2ED-4488-8C46-85D80167F997}.Debug|Any CPU.ActiveCfg = Debug|Any CPU
		{AABBEB73-D2ED-4488-8C46-85D80167F997}.Debug|Any CPU.Build.0 = Debug|Any CPU
		{AABBEB73-D2ED-4488-8C46-85D80167F997}.Release|Any CPU.ActiveCfg = Release|Any CPU
		{AABBEB73-D2ED-4488-8C46-85D80167F997}.Release|Any CPU.Build.0 = Release|Any CPU
		{44AAC2B8-30AE-44F0-BD1D-C57EEE0EDD49}.Debug|Any CPU.ActiveCfg = Debug|Any CPU
		{44AAC2B8-30AE-44F0-BD1D-C57EEE0EDD49}.Debug|Any CPU.Build.0 = Debug|Any CPU
		{44AAC2B8-30AE-44F0-BD1D-C57EEE0EDD49}.Release|Any CPU.ActiveCfg = Release|Any CPU
		{44AAC2B8-30AE-44F0-BD1D-C57EEE0EDD49}.Release|Any CPU.Build.0 = Release|Any CPU
		{FBE8F0F2-6900-46EF-9B61-A3FEA65467AD}.Debug|Any CPU.ActiveCfg = Debug|Any CPU
		{FBE8F0F2-6900-46EF-9B61-A3FEA65467AD}.Debug|Any CPU.Build.0 = Debug|Any CPU
		{FBE8F0F2-6900-46EF-9B61-A3FEA65467AD}.Release|Any CPU.ActiveCfg = Release|Any CPU
		{FBE8F0F2-6900-46EF-9B61-A3FEA65467AD}.Release|Any CPU.Build.0 = Release|Any CPU
	EndGlobalSection
	GlobalSection(SolutionProperties) = preSolution
		HideSolutionNode = FALSE
	EndGlobalSection
	GlobalSection(ExtensibilityGlobals) = postSolution
		SolutionGuid = {4DBB5E8E-BDCF-4D31-BAC5-1F60FF2890B4}
	EndGlobalSection
EndGlobal
